{
  "originHash" : "c15311a8ccf8137cff9ab9adb9bc1a3d662dd86c1ce4d26f69ecf3253d0174f4",
  "pins" : [
    {
      "identity" : "achtung",
      "kind" : "remoteSourceControl",
      "location" : "https://github.com/ios-tooling/Achtung.git",
      "state" : {
        "revision" : "b91fc4fd3f2cb6da356653cbb99381a6c09256da",
        "version" : "0.5.6"
      }
    },
    {
      "identity" : "chronicle",
      "kind" : "remoteSourceControl",
      "location" : "https://github.com/ios-tooling/Chronicle/",
      "state" : {
        "revision" : "c3889670ec09f0b1d07da0402b41ba5c13f053ca",
        "version" : "0.0.30"
      }
    },
    {
      "identity" : "cloudseeding",
      "kind" : "remoteSourceControl",
      "location" : "https://github.com/ios-tooling/cloudseeding",
      "state" : {
        "revision" : "d25fa5226c974678bd3823c14aeaf6db28827225",
        "version" : "0.2.1"
      }
    },
    {
      "identity" : "crossplatformkit",
      "kind" : "remoteSourceControl",
      "location" : "https://github.com/ios-tooling/CrossPlatformKit.git",
      "state" : {
        "revision" : "c5700b083674d8940315c80c50ac18b729cc84d1",
        "version" : "1.1.0"
      }
    },
    {
      "identity" : "suite",
      "kind" : "remoteSourceControl",
      "location" : "https://github.com/ios-tooling/Suite.git",
      "state" : {
        "revision" : "4d0669feeb84eb42e0314aa9f85a049e5b77f60b",
        "version" : "1.4.17"
      }
    },
    {
      "identity" : "swift-syntax",
      "kind" : "remoteSourceControl",
      "location" : "https://github.com/swiftlang/swift-syntax",
      "state" : {
        "revision" : "79e4b74a295b6eb74a8b585e3a39d29e70c1dbd1",
        "version" : "603.0.2"
      }
    },
    {
      "identity" : "tagalong",
      "kind" : "remoteSourceControl",
      "location" : "https://github.com/ios-tooling/TagAlong/",
      "state" : {
        "revision" : "c15cd80a5870989c6d12ecdcad1e32d81bf550a8",
        "version" : "0.0.5"
      }
    },
    {
      "identity" : "tapedeck",
      "kind" : "remoteSourceControl",
      "location" : "https://github.com/ios-tooling/TapeDeck.git",
      "state" : {
        "revision" : "1a233c779a299d1e3f829b50f4c8af84d63ccd76",
        "version" : "0.4.3"
      }
    }
  ],
  "version" : 3
}
